
Microsoft Visual Studio Solution File, Format Version 12.00
# Visual Studio Version 16
VisualStudioVersion = 16.0.31321.278
MinimumVisualStudioVersion = 10.0.40219.1
Project("{FAE04EC0-301F-11D3-BF4B-00C04F79EFBC}") = "Blog.UI", "Blog.UI\Blog.UI.csproj", "{C36988B4-4EFD-4D24-89A7-CC0164FAAF7B}"
EndProject
Project("{FAE04EC0-301F-11D3-BF4B-00C04F79EFBC}") = "Blog.DataLibrary", "Blog.DataAccess\Blog.DataLibrary.csproj", "{F236CA56-D406-478F-8C8A-31A218EB75F0}"
EndProject
Project("{00D1A9C2-B5F0-4AF3-8072-F6C62B433612}") = "BlogDB", "BlogDB\BlogDB.sqlproj", "{00E5A24D-9C2A-416F-A28D-ED111373F3F6}"
EndProject
Global
	GlobalSection(SolutionConfigurationPlatforms) = preSolution
		Debug|Any CPU = Debug|Any CPU
		Release|Any CPU = Release|Any CPU
	EndGlobalSection
	GlobalSection(ProjectConfigurationPlatforms) = postSolution
		{C36988B4-4EFD-4D24-89A7-CC0164FAAF7B}.Debug|Any CPU.ActiveCfg = Debug|Any CPU
		{C36988B4-4EFD-4D24-89A7-CC0164FAAF7B}.Debug|Any CPU.Build.0 = Debug|Any CPU
		{C36988B4-4EFD-4D24-89A7-CC0164FAAF7B}.Release|Any CPU.ActiveCfg = Release|Any CPU
		{C36988B4-4EFD-4D24-89A7-CC0164FAAF7B}.Release|Any CPU.Build.0 = Release|Any CPU
		{F236CA56-D406-478F-8C8A-31A218EB75F0}.Debug|Any CPU.ActiveCfg = Debug|Any CPU
		{F236CA56-D406-478F-8C8A-31A218EB75F0}.Debug|Any CPU.Build.0 = Debug|Any CPU
		{F236CA56-D406-478F-8C8A-31A218EB75F0}.Release|Any CPU.ActiveCfg = Release|Any CPU
		{F236CA56-D406-478F-8C8A-31A218EB75F0}.Release|Any CPU.Build.0 = Release|Any CPU
		{00E5A24D-9C2A-416F-A28D-ED111373F3F6}.Debug|Any CPU.ActiveCfg = Debug|Any CPU
		{00E5A24D-9C2A-416F-A28D-ED111373F3F6}.Debug|Any CPU.Build.0 = Debug|Any CPU
		{00E5A24D-9C2A-416F-A28D-ED111373F3F6}.Debug|Any CPU.Deploy.0 = Debug|Any CPU
		{00E5A24D-9C2A-416F-A28D-ED111373F3F6}.Release|Any CPU.ActiveCfg = Release|Any CPU
		{00E5A24D-9C2A-416F-A28D-ED111373F3F6}.Release|Any CPU.Build.0 = Release|Any CPU
		{00E5A24D-9C2A-416F-A28D-ED111373F3F6}.Release|Any CPU.Deploy.0 = Release|Any CPU
	EndGlobalSection
	GlobalSection(SolutionProperties) = preSolution
		HideSolutionNode = FALSE
	EndGlobalSection
	GlobalSection(ExtensibilityGlobals) = postSolution
		SolutionGuid = {9781F095-97CB-43EA-8344-CEBD124355C8}
	EndGlobalSection
EndGlobal
